{
  "name": "roblox-ts-demo-model",
  "version": "1.0.0",
  "lockfileVersion": 1,
  "requires": true,
  "dependencies": {
    "@rbxts/types": {
      "version": "1.0.399",
      "resolved": "https://registry.npmjs.org/@rbxts/types/-/types-1.0.399.tgz",
      "integrity": "sha512-cI2gS1AwJz6mzn54QdJ2jyEZnT2EGY4mElXqtCWWfyhUXcQ8EFJ6BngbIvi8ImVrPUEf24Vi4sZysIPiJqGbVw=="
    }
  }
}
