{
  "name": "roblox-ts-demo-model",
  "version": "1.0.0",
  "lockfileVersion": 1,
  "requires": true,
  "dependencies": {
    "@rbxts/types": {
      "version": "1.0.398",
      "resolved": "https://registry.npmjs.org/@rbxts/types/-/types-1.0.398.tgz",
      "integrity": "sha512-Fq/I/T8KPlmD5Wz47OyO4hWKC8IvKT4bcDIDY8w9N9ph9xoN71X20kj+0mMvc0kL1UubMoKdn8nqLgjUuthYTw=="
    }
  }
}
