{
  "name": "roblox-ts-demo-model",
  "version": "1.0.0",
  "lockfileVersion": 1,
  "requires": true,
  "dependencies": {
    "@rbxts/types": {
      "version": "1.0.357",
      "resolved": "https://registry.npmjs.org/@rbxts/types/-/types-1.0.357.tgz",
      "integrity": "sha512-jcWL3+HrbfDiAq/N4bXSDbAnDB760iAUdK9eUuEtxAvvtdls4Fo34aUfSuS35KPBu+zbSH5chQeVmuN9T4Bszg=="
    }
  }
}
